github.com/go-openapi/swag/conv v0.29.1 h1:AC4Eh/5c/eUDOUCzzsRC9ghmFgOSBHeRMGIngY0ZUGA=
github.com/go-openapi/swag/conv v0.29.1/go.mod h1:S1X7/ZrBEZOC0Wc8AGxjbcGS92l3WEjA7aPtpl+RaqM=
github.com/go-openapi/swag/pools v0.29.1 h1:NRogYxdEW9SjRM4mkAOji9iefO4MRXq3p/ZJcoQbUKg=
github.com/go-openapi/swag/pools v0.29.1/go.mod h1:leDcaghjkRAhCuCRv9NfJU5f0mjoU3cT/XZObhMk3pc=
github.com/go-openapi/swag/typeutils v0.29.1 h1:Nzv9nhnlLCRBPQqfOX+7lB6Guju370or8StT+lIOf6M=
github.com/go-openapi/swag/typeutils v0.29.1/go.mod h1:hxpgDZJVBkBsi/d3MIUosafoFdE5exaQRmVp0zwu3YE=
github.com/go-openapi/testify/v2 v2.7.0 h1:bycOreEj6wfBvijg3YFogZ/sFjTCDmQnwSodSzHa3X8=
github.com/go-openapi/testify/v2 v2.7.0/go.mod h1:SgsVHtfooshd0tublTtJ50FPKhujf47YRqauXXOUxfw=
