github.com/go-openapi/swag/conv v0.29.2 h1:8c9shoB8l0QRSR6ymq1llHdBWDqpIgJfjTGHx3Vuhm0=
github.com/go-openapi/swag/conv v0.29.2/go.mod h1:AZS0YigTNf8qNtD6WqJz/N4RUNmpr76SyjFGkq4+p6Q=
github.com/go-openapi/swag/pools v0.29.2 h1:PlGoDRF8WtSyXkedZZkpW3f9wDhFf3u8KtaBcmgmh8c=
github.com/go-openapi/swag/pools v0.29.2/go.mod h1:V3lhxVT4qDYRqc2MRSSbLsTYIYV/2HlHafhyEkmzLIc=
github.com/go-openapi/swag/typeutils v0.29.2 h1:O7aVvkTs3pXwikgtrPLenigEMdQFgONKRooQA9pgf2I=
github.com/go-openapi/swag/typeutils v0.29.2/go.mod h1:7+GDG+uz9Ke+eVt4rClZg7wklSDp8hT/mKNh/pC26TE=
github.com/go-openapi/testify/v2 v2.8.0 h1:19QDx5b57p8KjO2E4sgs/woL4Akp+FGLRlVm2xn0Rho=
github.com/go-openapi/testify/v2 v2.8.0/go.mod h1:4gUN8jC+RqOE2qjW/vDmfyTvl5BCht4qL7oca0odrak=
github.com/goccy/go-yaml v1.19.2 h1:PmFC1S6h8ljIz6gMRBopkjP1TVT7xuwrButHID66PoM=
github.com/goccy/go-yaml v1.19.2/go.mod h1:XBurs7gK8ATbW4ZPGKgcbrY1Br56PdM69F7LkFRi1kA=
