github.com/go-openapi/swag/conv v0.29.0 h1:4+1TogWpOIzMPzVKrvx1BfqBYlApB7D7DW3EAWpwmp4=
github.com/go-openapi/swag/conv v0.29.0/go.mod h1:ch1l7V87F6zQXuLs5s0RFvrro6aFvrVcfVXn2PTZnu8=
github.com/go-openapi/swag/pools v0.29.0 h1:uMQcoJeHJ8fWkdfEXJZMMpqk6hpfW8qTL5Q/IoRFFII=
github.com/go-openapi/swag/pools v0.29.0/go.mod h1:leDcaghjkRAhCuCRv9NfJU5f0mjoU3cT/XZObhMk3pc=
github.com/go-openapi/swag/typeutils v0.29.0 h1:HrWCYZeXVVNDo/7QQPRaYk33XeIDxksbxpalID3bWR8=
github.com/go-openapi/swag/typeutils v0.29.0/go.mod h1:hxpgDZJVBkBsi/d3MIUosafoFdE5exaQRmVp0zwu3YE=
github.com/go-openapi/testify/v2 v2.6.1 h1:6CNJhTjMzgaeaH8WhshcsZNPIvRemiOcFpU7seO/y7Q=
github.com/go-openapi/testify/v2 v2.6.1/go.mod h1:SgsVHtfooshd0tublTtJ50FPKhujf47YRqauXXOUxfw=
github.com/goccy/go-yaml v1.19.2 h1:PmFC1S6h8ljIz6gMRBopkjP1TVT7xuwrButHID66PoM=
github.com/goccy/go-yaml v1.19.2/go.mod h1:XBurs7gK8ATbW4ZPGKgcbrY1Br56PdM69F7LkFRi1kA=
